
Microsoft Visual Studio Solution File, Format Version 12.00
# Visual Studio 2012
Project("{FAE04EC0-301F-11D3-BF4B-00C04F79EFBC}") = "Project_01_FirstNaturalNumbers", "Project_01_FirstNaturalNumbers\Project_01_FirstNaturalNumbers.csproj", "{72FE78D3-6B79-4754-8AA7-EA6BA6DCA6FF}"
EndProject
Project("{FAE04EC0-301F-11D3-BF4B-00C04F79EFBC}") = "Project_02_FirstNotDivisibleBy3And7", "Project_02_FirstNotDivisibleBy3And7\Project_02_FirstNotDivisibleBy3And7.csproj", "{3A304509-B7C3-4A96-B4FE-CDC2FBBE33E7}"
EndProject
Project("{FAE04EC0-301F-11D3-BF4B-00C04F79EFBC}") = "Project_03_IntegerMinMax", "Project_03_IntegerMinMax\Project_03_IntegerMinMax.csproj", "{CECC9FDA-DBAE-42B9-8486-858BE5FD04D5}"
EndProject
Project("{FAE04EC0-301F-11D3-BF4B-00C04F79EFBC}") = "Project_04_FactorialsRatio", "Project_04_FactorialsRatio\Project_04_FactorialsRatio.csproj", "{55C31062-2BAA-4B64-A504-10A79B49518D}"
EndProject
Project("{FAE04EC0-301F-11D3-BF4B-00C04F79EFBC}") = "Project_05_FactorialsComplexExpression", "Project_05_FactorialsComplexExpression\Project_05_FactorialsComplexExpression.csproj", "{ACFCA31D-56F8-4B32-8AC4-BC18C88FA772}"
EndProject
Project("{FAE04EC0-301F-11D3-BF4B-00C04F79EFBC}") = "Project_06_FactorialAndPowerRatio", "Project_06_FactorialAndPowerRatio\Project_06_FactorialAndPowerRatio.csproj", "{846149DD-374F-44DC-8380-F8E573872CF0}"
EndProject
Project("{FAE04EC0-301F-11D3-BF4B-00C04F79EFBC}") = "Project_07_SumFirstFibonacciNumbers", "Project_07_SumFirstFibonacciNumbers\Project_07_SumFirstFibonacciNumbers.csproj", "{35301354-4445-4648-9AB7-85554A6A0C45}"
EndProject
Project("{FAE04EC0-301F-11D3-BF4B-00C04F79EFBC}") = "Project_08_GreatestCommonDivisor", "Project_08_GreatestCommonDivisor\Project_08_GreatestCommonDivisor.csproj", "{5E3CD27C-B136-47B2-BE76-72A94108D417}"
EndProject
Project("{FAE04EC0-301F-11D3-BF4B-00C04F79EFBC}") = "Project_09_CatalanNumber", "Project_09_CatalanNumber\Project_09_CatalanNumber.csproj", "{0F4577E5-3560-411C-9179-C5D35C1777AA}"
EndProject
Project("{FAE04EC0-301F-11D3-BF4B-00C04F79EFBC}") = "Project_10_PlayingCardsEnglishNames", "Project_10_PlayingCardsEnglishNames\Project_10_PlayingCardsEnglishNames.csproj", "{F386CCF4-48A1-490C-811B-304B4F632659}"
EndProject
Project("{FAE04EC0-301F-11D3-BF4B-00C04F79EFBC}") = "Project_11_SquareMatrixSouthEastGradient", "Project_11_SquareMatrixSouthEastGradient\Project_11_SquareMatrixSouthEastGradient.csproj", "{7AF3C0A7-7204-49BF-B24D-C6F16A3E8F86}"
EndProject
Project("{FAE04EC0-301F-11D3-BF4B-00C04F79EFBC}") = "Project_12_FactorialsTrailingZeros", "Project_12_FactorialsTrailingZeros\Project_12_FactorialsTrailingZeros.csproj", "{76DFC1C3-D529-4894-A5E3-4F7DB17BA440}"
EndProject
Project("{FAE04EC0-301F-11D3-BF4B-00C04F79EFBC}") = "Project_13_SquareMatrixSpiralGradient", "Project_13_SquareMatrixSpiralGradient\Project_13_SquareMatrixSpiralGradient.csproj", "{58DF0091-7A39-45B7-AC14-A7DD907E8D27}"
EndProject
Global
	GlobalSection(SolutionConfigurationPlatforms) = preSolution
		Debug|Any CPU = Debug|Any CPU
		Release|Any CPU = Release|Any CPU
	EndGlobalSection
	GlobalSection(ProjectConfigurationPlatforms) = postSolution
		{72FE78D3-6B79-4754-8AA7-EA6BA6DCA6FF}.Debug|Any CPU.ActiveCfg = Debug|Any CPU
		{72FE78D3-6B79-4754-8AA7-EA6BA6DCA6FF}.Debug|Any CPU.Build.0 = Debug|Any CPU
		{72FE78D3-6B79-4754-8AA7-EA6BA6DCA6FF}.Release|Any CPU.ActiveCfg = Release|Any CPU
		{72FE78D3-6B79-4754-8AA7-EA6BA6DCA6FF}.Release|Any CPU.Build.0 = Release|Any CPU
		{3A304509-B7C3-4A96-B4FE-CDC2FBBE33E7}.Debug|Any CPU.ActiveCfg = Debug|Any CPU
		{3A304509-B7C3-4A96-B4FE-CDC2FBBE33E7}.Debug|Any CPU.Build.0 = Debug|Any CPU
		{3A304509-B7C3-4A96-B4FE-CDC2FBBE33E7}.Release|Any CPU.ActiveCfg = Release|Any CPU
		{3A304509-B7C3-4A96-B4FE-CDC2FBBE33E7}.Release|Any CPU.Build.0 = Release|Any CPU
		{CECC9FDA-DBAE-42B9-8486-858BE5FD04D5}.Debug|Any CPU.ActiveCfg = Debug|Any CPU
		{CECC9FDA-DBAE-42B9-8486-858BE5FD04D5}.Debug|Any CPU.Build.0 = Debug|Any CPU
		{CECC9FDA-DBAE-42B9-8486-858BE5FD04D5}.Release|Any CPU.ActiveCfg = Release|Any CPU
		{CECC9FDA-DBAE-42B9-8486-858BE5FD04D5}.Release|Any CPU.Build.0 = Release|Any CPU
		{55C31062-2BAA-4B64-A504-10A79B49518D}.Debug|Any CPU.ActiveCfg = Debug|Any CPU
		{55C31062-2BAA-4B64-A504-10A79B49518D}.Debug|Any CPU.Build.0 = Debug|Any CPU
		{55C31062-2BAA-4B64-A504-10A79B49518D}.Release|Any CPU.ActiveCfg = Release|Any CPU
		{55C31062-2BAA-4B64-A504-10A79B49518D}.Release|Any CPU.Build.0 = Release|Any CPU
		{ACFCA31D-56F8-4B32-8AC4-BC18C88FA772}.Debug|Any CPU.ActiveCfg = Debug|Any CPU
		{ACFCA31D-56F8-4B32-8AC4-BC18C88FA772}.Debug|Any CPU.Build.0 = Debug|Any CPU
		{ACFCA31D-56F8-4B32-8AC4-BC18C88FA772}.Release|Any CPU.ActiveCfg = Release|Any CPU
		{ACFCA31D-56F8-4B32-8AC4-BC18C88FA772}.Release|Any CPU.Build.0 = Release|Any CPU
		{846149DD-374F-44DC-8380-F8E573872CF0}.Debug|Any CPU.ActiveCfg = Debug|Any CPU
		{846149DD-374F-44DC-8380-F8E573872CF0}.Debug|Any CPU.Build.0 = Debug|Any CPU
		{846149DD-374F-44DC-8380-F8E573872CF0}.Release|Any CPU.ActiveCfg = Release|Any CPU
		{846149DD-374F-44DC-8380-F8E573872CF0}.Release|Any CPU.Build.0 = Release|Any CPU
		{35301354-4445-4648-9AB7-85554A6A0C45}.Debug|Any CPU.ActiveCfg = Debug|Any CPU
		{35301354-4445-4648-9AB7-85554A6A0C45}.Debug|Any CPU.Build.0 = Debug|Any CPU
		{35301354-4445-4648-9AB7-85554A6A0C45}.Release|Any CPU.ActiveCfg = Release|Any CPU
		{35301354-4445-4648-9AB7-85554A6A0C45}.Release|Any CPU.Build.0 = Release|Any CPU
		{5E3CD27C-B136-47B2-BE76-72A94108D417}.Debug|Any CPU.ActiveCfg = Debug|Any CPU
		{5E3CD27C-B136-47B2-BE76-72A94108D417}.Debug|Any CPU.Build.0 = Debug|Any CPU
		{5E3CD27C-B136-47B2-BE76-72A94108D417}.Release|Any CPU.ActiveCfg = Release|Any CPU
		{5E3CD27C-B136-47B2-BE76-72A94108D417}.Release|Any CPU.Build.0 = Release|Any CPU
		{0F4577E5-3560-411C-9179-C5D35C1777AA}.Debug|Any CPU.ActiveCfg = Debug|Any CPU
		{0F4577E5-3560-411C-9179-C5D35C1777AA}.Debug|Any CPU.Build.0 = Debug|Any CPU
		{0F4577E5-3560-411C-9179-C5D35C1777AA}.Release|Any CPU.ActiveCfg = Release|Any CPU
		{0F4577E5-3560-411C-9179-C5D35C1777AA}.Release|Any CPU.Build.0 = Release|Any CPU
		{F386CCF4-48A1-490C-811B-304B4F632659}.Debug|Any CPU.ActiveCfg = Debug|Any CPU
		{F386CCF4-48A1-490C-811B-304B4F632659}.Debug|Any CPU.Build.0 = Debug|Any CPU
		{F386CCF4-48A1-490C-811B-304B4F632659}.Release|Any CPU.ActiveCfg = Release|Any CPU
		{F386CCF4-48A1-490C-811B-304B4F632659}.Release|Any CPU.Build.0 = Release|Any CPU
		{7AF3C0A7-7204-49BF-B24D-C6F16A3E8F86}.Debug|Any CPU.ActiveCfg = Debug|Any CPU
		{7AF3C0A7-7204-49BF-B24D-C6F16A3E8F86}.Debug|Any CPU.Build.0 = Debug|Any CPU
		{7AF3C0A7-7204-49BF-B24D-C6F16A3E8F86}.Release|Any CPU.ActiveCfg = Release|Any CPU
		{7AF3C0A7-7204-49BF-B24D-C6F16A3E8F86}.Release|Any CPU.Build.0 = Release|Any CPU
		{76DFC1C3-D529-4894-A5E3-4F7DB17BA440}.Debug|Any CPU.ActiveCfg = Debug|Any CPU
		{76DFC1C3-D529-4894-A5E3-4F7DB17BA440}.Debug|Any CPU.Build.0 = Debug|Any CPU
		{76DFC1C3-D529-4894-A5E3-4F7DB17BA440}.Release|Any CPU.ActiveCfg = Release|Any CPU
		{76DFC1C3-D529-4894-A5E3-4F7DB17BA440}.Release|Any CPU.Build.0 = Release|Any CPU
		{58DF0091-7A39-45B7-AC14-A7DD907E8D27}.Debug|Any CPU.ActiveCfg = Debug|Any CPU
		{58DF0091-7A39-45B7-AC14-A7DD907E8D27}.Debug|Any CPU.Build.0 = Debug|Any CPU
		{58DF0091-7A39-45B7-AC14-A7DD907E8D27}.Release|Any CPU.ActiveCfg = Release|Any CPU
		{58DF0091-7A39-45B7-AC14-A7DD907E8D27}.Release|Any CPU.Build.0 = Release|Any CPU
	EndGlobalSection
	GlobalSection(SolutionProperties) = preSolution
		HideSolutionNode = FALSE
	EndGlobalSection
EndGlobal
