
Microsoft Visual Studio Solution File, Format Version 12.00
# Visual Studio 2012
Project("{FAE04EC0-301F-11D3-BF4B-00C04F79EFBC}") = "Proj_01_06_Conversions", "Proj_01_06_Conversions\Proj_01_06_Conversions.csproj", "{5949742A-2267-4855-AC2F-C69E67B4EB17}"
EndProject
Global
	GlobalSection(SolutionConfigurationPlatforms) = preSolution
		Debug|Any CPU = Debug|Any CPU
		Release|Any CPU = Release|Any CPU
	EndGlobalSection
	GlobalSection(ProjectConfigurationPlatforms) = postSolution
		{5949742A-2267-4855-AC2F-C69E67B4EB17}.Debug|Any CPU.ActiveCfg = Debug|Any CPU
		{5949742A-2267-4855-AC2F-C69E67B4EB17}.Debug|Any CPU.Build.0 = Debug|Any CPU
		{5949742A-2267-4855-AC2F-C69E67B4EB17}.Release|Any CPU.ActiveCfg = Release|Any CPU
		{5949742A-2267-4855-AC2F-C69E67B4EB17}.Release|Any CPU.Build.0 = Release|Any CPU
	EndGlobalSection
	GlobalSection(SolutionProperties) = preSolution
		HideSolutionNode = FALSE
	EndGlobalSection
EndGlobal
