
Microsoft Visual Studio Solution File, Format Version 12.00
# Visual Studio 2012
Project("{FAE04EC0-301F-11D3-BF4B-00C04F79EFBC}") = "Practical_01_MathExpression", "Practical_01_MathExpression\Practical_01_MathExpression.csproj", "{CEB1797E-84D2-416E-A792-CD0488E125B0}"
EndProject
Project("{FAE04EC0-301F-11D3-BF4B-00C04F79EFBC}") = "Practical_02_LeastMajorityMultiple", "Practical_02_LeastMajorityMultiple\Practical_02_LeastMajorityMultiple.csproj", "{60D134F1-E9A4-4E01-8FED-A34550A7CF44}"
EndProject
Project("{FAE04EC0-301F-11D3-BF4B-00C04F79EFBC}") = "Practical_03_Trapezoid", "Practical_03_Trapezoid\Practical_03_Trapezoid.csproj", "{5B089ABC-0EA5-44BD-AB1B-79C243DBFB57}"
EndProject
Project("{FAE04EC0-301F-11D3-BF4B-00C04F79EFBC}") = "Practical_04_OddNumber", "Practical_04_OddNumber\Practical_04_OddNumber.csproj", "{556823BB-E975-4382-9A26-83F0DEA4022E}"
EndProject
Project("{FAE04EC0-301F-11D3-BF4B-00C04F79EFBC}") = "Practical_05_FallDown", "Practical_05_FallDown\Practical_05_FallDown.csproj", "{5104EB40-6702-476C-8D25-3045A9BB5955}"
EndProject
Project("{FAE04EC0-301F-11D3-BF4B-00C04F79EFBC}") = "Sample_02_MissCat2011", "Sample_02_MissCat2011\Sample_02_MissCat2011.csproj", "{0232F338-3735-4B2B-BC0F-117687C430F0}"
EndProject
Project("{FAE04EC0-301F-11D3-BF4B-00C04F79EFBC}") = "Sample_03_ForestRoad", "Sample_03_ForestRoad\Sample_03_ForestRoad.csproj", "{9FBB50FA-260C-423A-8B75-96D99AD551C2}"
EndProject
Project("{FAE04EC0-301F-11D3-BF4B-00C04F79EFBC}") = "Sample_04_BinaryDigitsCount", "Sample_04_BinaryDigitsCount\Sample_04_BinaryDigitsCount.csproj", "{EA1E43FE-EE96-4751-9B1D-D3101D1FA587}"
EndProject
Project("{FAE04EC0-301F-11D3-BF4B-00C04F79EFBC}") = "Sample_05_SubsetSums", "Sample_05_SubsetSums\Sample_05_SubsetSums.csproj", "{33BC5D4D-B1FA-4630-8736-66E81359FBEB}"
EndProject
Project("{FAE04EC0-301F-11D3-BF4B-00C04F79EFBC}") = "Variant_101_ShipDamage", "Variant_101_ShipDamage\Variant_101_ShipDamage.csproj", "{899BBD0A-1A6E-40B6-9519-DCA3D72CA1F7}"
EndProject
Project("{FAE04EC0-301F-11D3-BF4B-00C04F79EFBC}") = "Variant_102_Tribonacci", "Variant_102_Tribonacci\Variant_102_Tribonacci.csproj", "{B69F2E87-631D-47B7-B7DE-58DD23F15FE0}"
EndProject
Project("{FAE04EC0-301F-11D3-BF4B-00C04F79EFBC}") = "Variant_103_FirTree", "Variant_103_FirTree\Variant_103_FirTree.csproj", "{6A2C9A49-F72A-42C3-9586-A45B62CF376A}"
EndProject
Project("{FAE04EC0-301F-11D3-BF4B-00C04F79EFBC}") = "Variant_104_LoveBits", "Variant_104_LoveBits\Variant_104_LoveBits.csproj", "{067BA142-37A9-4B2C-BEEF-3D006411B116}"
EndProject
Project("{FAE04EC0-301F-11D3-BF4B-00C04F79EFBC}") = "Variant_105_Pillars", "Variant_105_Pillars\Variant_105_Pillars.csproj", "{5CE1C413-D2C6-46D2-BAAE-6B1B6E22F6DC}"
EndProject
Project("{FAE04EC0-301F-11D3-BF4B-00C04F79EFBC}") = "Variant_201_FighterAttack", "Variant_201_FighterAttack\Variant_201_FighterAttack.csproj", "{DE5DE280-DEFA-4EC0-8BFE-F20EFE6E10C8}"
EndProject
Project("{FAE04EC0-301F-11D3-BF4B-00C04F79EFBC}") = "Variant_202_AstrologicalDigits", "Variant_202_AstrologicalDigits\Variant_202_AstrologicalDigits.csproj", "{816A0E21-0B23-4253-89B9-69641724D8A6}"
EndProject
Project("{FAE04EC0-301F-11D3-BF4B-00C04F79EFBC}") = "Variant_203_SandGlass", "Variant_203_SandGlass\Variant_203_SandGlass.csproj", "{F6C0299F-9FAB-438E-B46F-59033DCD857D}"
EndProject
Project("{FAE04EC0-301F-11D3-BF4B-00C04F79EFBC}") = "Variant_204_DancingBits", "Variant_204_DancingBits\Variant_204_DancingBits.csproj", "{0630057B-8080-4537-8292-1E9621421CF5}"
EndProject
Project("{FAE04EC0-301F-11D3-BF4B-00C04F79EFBC}") = "Variant_205_Lines", "Variant_205_Lines\Variant_205_Lines.csproj", "{17279EFE-2DC0-4C92-92FB-A1CE4656A0BB}"
EndProject
Project("{FAE04EC0-301F-11D3-BF4B-00C04F79EFBC}") = "Sample_01_CartesianCoordinateSystem", "Sample_01_CartesianCoordinateSystem\Sample_01_CartesianCoordinateSystem.csproj", "{93DEF329-3027-4E69-86F8-B7C6CE392AB4}"
EndProject
Global
	GlobalSection(SolutionConfigurationPlatforms) = preSolution
		Debug|Any CPU = Debug|Any CPU
		Release|Any CPU = Release|Any CPU
	EndGlobalSection
	GlobalSection(ProjectConfigurationPlatforms) = postSolution
		{CEB1797E-84D2-416E-A792-CD0488E125B0}.Debug|Any CPU.ActiveCfg = Debug|Any CPU
		{CEB1797E-84D2-416E-A792-CD0488E125B0}.Debug|Any CPU.Build.0 = Debug|Any CPU
		{CEB1797E-84D2-416E-A792-CD0488E125B0}.Release|Any CPU.ActiveCfg = Release|Any CPU
		{CEB1797E-84D2-416E-A792-CD0488E125B0}.Release|Any CPU.Build.0 = Release|Any CPU
		{60D134F1-E9A4-4E01-8FED-A34550A7CF44}.Debug|Any CPU.ActiveCfg = Debug|Any CPU
		{60D134F1-E9A4-4E01-8FED-A34550A7CF44}.Debug|Any CPU.Build.0 = Debug|Any CPU
		{60D134F1-E9A4-4E01-8FED-A34550A7CF44}.Release|Any CPU.ActiveCfg = Release|Any CPU
		{60D134F1-E9A4-4E01-8FED-A34550A7CF44}.Release|Any CPU.Build.0 = Release|Any CPU
		{5B089ABC-0EA5-44BD-AB1B-79C243DBFB57}.Debug|Any CPU.ActiveCfg = Debug|Any CPU
		{5B089ABC-0EA5-44BD-AB1B-79C243DBFB57}.Debug|Any CPU.Build.0 = Debug|Any CPU
		{5B089ABC-0EA5-44BD-AB1B-79C243DBFB57}.Release|Any CPU.ActiveCfg = Release|Any CPU
		{5B089ABC-0EA5-44BD-AB1B-79C243DBFB57}.Release|Any CPU.Build.0 = Release|Any CPU
		{556823BB-E975-4382-9A26-83F0DEA4022E}.Debug|Any CPU.ActiveCfg = Debug|Any CPU
		{556823BB-E975-4382-9A26-83F0DEA4022E}.Debug|Any CPU.Build.0 = Debug|Any CPU
		{556823BB-E975-4382-9A26-83F0DEA4022E}.Release|Any CPU.ActiveCfg = Release|Any CPU
		{556823BB-E975-4382-9A26-83F0DEA4022E}.Release|Any CPU.Build.0 = Release|Any CPU
		{5104EB40-6702-476C-8D25-3045A9BB5955}.Debug|Any CPU.ActiveCfg = Debug|Any CPU
		{5104EB40-6702-476C-8D25-3045A9BB5955}.Debug|Any CPU.Build.0 = Debug|Any CPU
		{5104EB40-6702-476C-8D25-3045A9BB5955}.Release|Any CPU.ActiveCfg = Release|Any CPU
		{5104EB40-6702-476C-8D25-3045A9BB5955}.Release|Any CPU.Build.0 = Release|Any CPU
		{0232F338-3735-4B2B-BC0F-117687C430F0}.Debug|Any CPU.ActiveCfg = Debug|Any CPU
		{0232F338-3735-4B2B-BC0F-117687C430F0}.Debug|Any CPU.Build.0 = Debug|Any CPU
		{0232F338-3735-4B2B-BC0F-117687C430F0}.Release|Any CPU.ActiveCfg = Release|Any CPU
		{0232F338-3735-4B2B-BC0F-117687C430F0}.Release|Any CPU.Build.0 = Release|Any CPU
		{9FBB50FA-260C-423A-8B75-96D99AD551C2}.Debug|Any CPU.ActiveCfg = Debug|Any CPU
		{9FBB50FA-260C-423A-8B75-96D99AD551C2}.Debug|Any CPU.Build.0 = Debug|Any CPU
		{9FBB50FA-260C-423A-8B75-96D99AD551C2}.Release|Any CPU.ActiveCfg = Release|Any CPU
		{9FBB50FA-260C-423A-8B75-96D99AD551C2}.Release|Any CPU.Build.0 = Release|Any CPU
		{EA1E43FE-EE96-4751-9B1D-D3101D1FA587}.Debug|Any CPU.ActiveCfg = Debug|Any CPU
		{EA1E43FE-EE96-4751-9B1D-D3101D1FA587}.Debug|Any CPU.Build.0 = Debug|Any CPU
		{EA1E43FE-EE96-4751-9B1D-D3101D1FA587}.Release|Any CPU.ActiveCfg = Release|Any CPU
		{EA1E43FE-EE96-4751-9B1D-D3101D1FA587}.Release|Any CPU.Build.0 = Release|Any CPU
		{33BC5D4D-B1FA-4630-8736-66E81359FBEB}.Debug|Any CPU.ActiveCfg = Debug|Any CPU
		{33BC5D4D-B1FA-4630-8736-66E81359FBEB}.Debug|Any CPU.Build.0 = Debug|Any CPU
		{33BC5D4D-B1FA-4630-8736-66E81359FBEB}.Release|Any CPU.ActiveCfg = Release|Any CPU
		{33BC5D4D-B1FA-4630-8736-66E81359FBEB}.Release|Any CPU.Build.0 = Release|Any CPU
		{899BBD0A-1A6E-40B6-9519-DCA3D72CA1F7}.Debug|Any CPU.ActiveCfg = Debug|Any CPU
		{899BBD0A-1A6E-40B6-9519-DCA3D72CA1F7}.Debug|Any CPU.Build.0 = Debug|Any CPU
		{899BBD0A-1A6E-40B6-9519-DCA3D72CA1F7}.Release|Any CPU.ActiveCfg = Release|Any CPU
		{899BBD0A-1A6E-40B6-9519-DCA3D72CA1F7}.Release|Any CPU.Build.0 = Release|Any CPU
		{B69F2E87-631D-47B7-B7DE-58DD23F15FE0}.Debug|Any CPU.ActiveCfg = Debug|Any CPU
		{B69F2E87-631D-47B7-B7DE-58DD23F15FE0}.Debug|Any CPU.Build.0 = Debug|Any CPU
		{B69F2E87-631D-47B7-B7DE-58DD23F15FE0}.Release|Any CPU.ActiveCfg = Release|Any CPU
		{B69F2E87-631D-47B7-B7DE-58DD23F15FE0}.Release|Any CPU.Build.0 = Release|Any CPU
		{6A2C9A49-F72A-42C3-9586-A45B62CF376A}.Debug|Any CPU.ActiveCfg = Debug|Any CPU
		{6A2C9A49-F72A-42C3-9586-A45B62CF376A}.Debug|Any CPU.Build.0 = Debug|Any CPU
		{6A2C9A49-F72A-42C3-9586-A45B62CF376A}.Release|Any CPU.ActiveCfg = Release|Any CPU
		{6A2C9A49-F72A-42C3-9586-A45B62CF376A}.Release|Any CPU.Build.0 = Release|Any CPU
		{067BA142-37A9-4B2C-BEEF-3D006411B116}.Debug|Any CPU.ActiveCfg = Debug|Any CPU
		{067BA142-37A9-4B2C-BEEF-3D006411B116}.Debug|Any CPU.Build.0 = Debug|Any CPU
		{067BA142-37A9-4B2C-BEEF-3D006411B116}.Release|Any CPU.ActiveCfg = Release|Any CPU
		{067BA142-37A9-4B2C-BEEF-3D006411B116}.Release|Any CPU.Build.0 = Release|Any CPU
		{5CE1C413-D2C6-46D2-BAAE-6B1B6E22F6DC}.Debug|Any CPU.ActiveCfg = Debug|Any CPU
		{5CE1C413-D2C6-46D2-BAAE-6B1B6E22F6DC}.Debug|Any CPU.Build.0 = Debug|Any CPU
		{5CE1C413-D2C6-46D2-BAAE-6B1B6E22F6DC}.Release|Any CPU.ActiveCfg = Release|Any CPU
		{5CE1C413-D2C6-46D2-BAAE-6B1B6E22F6DC}.Release|Any CPU.Build.0 = Release|Any CPU
		{DE5DE280-DEFA-4EC0-8BFE-F20EFE6E10C8}.Debug|Any CPU.ActiveCfg = Debug|Any CPU
		{DE5DE280-DEFA-4EC0-8BFE-F20EFE6E10C8}.Debug|Any CPU.Build.0 = Debug|Any CPU
		{DE5DE280-DEFA-4EC0-8BFE-F20EFE6E10C8}.Release|Any CPU.ActiveCfg = Release|Any CPU
		{DE5DE280-DEFA-4EC0-8BFE-F20EFE6E10C8}.Release|Any CPU.Build.0 = Release|Any CPU
		{816A0E21-0B23-4253-89B9-69641724D8A6}.Debug|Any CPU.ActiveCfg = Debug|Any CPU
		{816A0E21-0B23-4253-89B9-69641724D8A6}.Debug|Any CPU.Build.0 = Debug|Any CPU
		{816A0E21-0B23-4253-89B9-69641724D8A6}.Release|Any CPU.ActiveCfg = Release|Any CPU
		{816A0E21-0B23-4253-89B9-69641724D8A6}.Release|Any CPU.Build.0 = Release|Any CPU
		{F6C0299F-9FAB-438E-B46F-59033DCD857D}.Debug|Any CPU.ActiveCfg = Debug|Any CPU
		{F6C0299F-9FAB-438E-B46F-59033DCD857D}.Debug|Any CPU.Build.0 = Debug|Any CPU
		{F6C0299F-9FAB-438E-B46F-59033DCD857D}.Release|Any CPU.ActiveCfg = Release|Any CPU
		{F6C0299F-9FAB-438E-B46F-59033DCD857D}.Release|Any CPU.Build.0 = Release|Any CPU
		{0630057B-8080-4537-8292-1E9621421CF5}.Debug|Any CPU.ActiveCfg = Debug|Any CPU
		{0630057B-8080-4537-8292-1E9621421CF5}.Debug|Any CPU.Build.0 = Debug|Any CPU
		{0630057B-8080-4537-8292-1E9621421CF5}.Release|Any CPU.ActiveCfg = Release|Any CPU
		{0630057B-8080-4537-8292-1E9621421CF5}.Release|Any CPU.Build.0 = Release|Any CPU
		{17279EFE-2DC0-4C92-92FB-A1CE4656A0BB}.Debug|Any CPU.ActiveCfg = Debug|Any CPU
		{17279EFE-2DC0-4C92-92FB-A1CE4656A0BB}.Debug|Any CPU.Build.0 = Debug|Any CPU
		{17279EFE-2DC0-4C92-92FB-A1CE4656A0BB}.Release|Any CPU.ActiveCfg = Release|Any CPU
		{17279EFE-2DC0-4C92-92FB-A1CE4656A0BB}.Release|Any CPU.Build.0 = Release|Any CPU
		{93DEF329-3027-4E69-86F8-B7C6CE392AB4}.Debug|Any CPU.ActiveCfg = Debug|Any CPU
		{93DEF329-3027-4E69-86F8-B7C6CE392AB4}.Debug|Any CPU.Build.0 = Debug|Any CPU
		{93DEF329-3027-4E69-86F8-B7C6CE392AB4}.Release|Any CPU.ActiveCfg = Release|Any CPU
		{93DEF329-3027-4E69-86F8-B7C6CE392AB4}.Release|Any CPU.Build.0 = Release|Any CPU
	EndGlobalSection
	GlobalSection(SolutionProperties) = preSolution
		HideSolutionNode = FALSE
	EndGlobalSection
EndGlobal
