
Microsoft Visual Studio Solution File, Format Version 12.00
# Visual Studio 2012
Project("{FAE04EC0-301F-11D3-BF4B-00C04F79EFBC}") = "Project_01_HelloCSharp", "Project_01_HelloCSharp\Project_01_HelloCSharp.csproj", "{1483ED44-7650-4972-B741-79E4EE143AE2}"
EndProject
Project("{FAE04EC0-301F-11D3-BF4B-00C04F79EFBC}") = "Project_02_DisplayMyName", "Project_02_DisplayMyName\Project_02_DisplayMyName.csproj", "{C9F408F4-4143-4F6A-BFFF-2D7D6C8E5DDE}"
EndProject
Project("{FAE04EC0-301F-11D3-BF4B-00C04F79EFBC}") = "Project_03_DisplayNumbers1And101And1001", "Project_03_DisplayNumbers1And101And1001\Project_03_DisplayNumbers1And101And1001.csproj", "{A689E6D0-86E8-4B69-AB38-0F354EDE7D0B}"
EndProject
Project("{FAE04EC0-301F-11D3-BF4B-00C04F79EFBC}") = "Project_05_CurrentDateAndTime", "Project_05_CurrentDateAndTime\Project_05_CurrentDateAndTime.csproj", "{0F5AAF1A-D925-4F41-BFD1-9072C63CC38F}"
EndProject
Project("{FAE04EC0-301F-11D3-BF4B-00C04F79EFBC}") = "Project_06_SquareOfNumber12345", "Project_06_SquareOfNumber12345\Project_06_SquareOfNumber12345.csproj", "{D1505762-DE52-4670-AB29-2D702F69FBBB}"
EndProject
Project("{FAE04EC0-301F-11D3-BF4B-00C04F79EFBC}") = "Project_07_DisplaySequence", "Project_07_DisplaySequence\Project_07_DisplaySequence.csproj", "{0650032B-4E86-4D9E-A5F7-D0DDC2711BBF}"
EndProject
Project("{FAE04EC0-301F-11D3-BF4B-00C04F79EFBC}") = "Project_08_CalculateMyAge", "Project_08_CalculateMyAge\Project_08_CalculateMyAge.csproj", "{122D394B-BDB9-4C09-BDB3-BE16323F5FE1}"
EndProject
Project("{FAE04EC0-301F-11D3-BF4B-00C04F79EFBC}") = "Project_04_DisplayMyFirstAndLastNames", "Project_04_DisplayMyFirstAndLastNames\Project_04_DisplayMyFirstAndLastNames.csproj", "{E7441412-0654-4255-8554-CD592E7F0329}"
EndProject
Global
	GlobalSection(SolutionConfigurationPlatforms) = preSolution
		Debug|Any CPU = Debug|Any CPU
		Release|Any CPU = Release|Any CPU
	EndGlobalSection
	GlobalSection(ProjectConfigurationPlatforms) = postSolution
		{1483ED44-7650-4972-B741-79E4EE143AE2}.Debug|Any CPU.ActiveCfg = Debug|x86
		{1483ED44-7650-4972-B741-79E4EE143AE2}.Debug|Any CPU.Build.0 = Debug|x86
		{1483ED44-7650-4972-B741-79E4EE143AE2}.Release|Any CPU.ActiveCfg = Release|x86
		{C9F408F4-4143-4F6A-BFFF-2D7D6C8E5DDE}.Debug|Any CPU.ActiveCfg = Debug|x86
		{C9F408F4-4143-4F6A-BFFF-2D7D6C8E5DDE}.Debug|Any CPU.Build.0 = Debug|x86
		{C9F408F4-4143-4F6A-BFFF-2D7D6C8E5DDE}.Release|Any CPU.ActiveCfg = Release|x86
		{A689E6D0-86E8-4B69-AB38-0F354EDE7D0B}.Debug|Any CPU.ActiveCfg = Debug|x86
		{A689E6D0-86E8-4B69-AB38-0F354EDE7D0B}.Debug|Any CPU.Build.0 = Debug|x86
		{A689E6D0-86E8-4B69-AB38-0F354EDE7D0B}.Release|Any CPU.ActiveCfg = Release|x86
		{0F5AAF1A-D925-4F41-BFD1-9072C63CC38F}.Debug|Any CPU.ActiveCfg = Debug|x86
		{0F5AAF1A-D925-4F41-BFD1-9072C63CC38F}.Debug|Any CPU.Build.0 = Debug|x86
		{0F5AAF1A-D925-4F41-BFD1-9072C63CC38F}.Release|Any CPU.ActiveCfg = Release|x86
		{D1505762-DE52-4670-AB29-2D702F69FBBB}.Debug|Any CPU.ActiveCfg = Debug|x86
		{D1505762-DE52-4670-AB29-2D702F69FBBB}.Debug|Any CPU.Build.0 = Debug|x86
		{D1505762-DE52-4670-AB29-2D702F69FBBB}.Release|Any CPU.ActiveCfg = Release|x86
		{0650032B-4E86-4D9E-A5F7-D0DDC2711BBF}.Debug|Any CPU.ActiveCfg = Debug|x86
		{0650032B-4E86-4D9E-A5F7-D0DDC2711BBF}.Debug|Any CPU.Build.0 = Debug|x86
		{0650032B-4E86-4D9E-A5F7-D0DDC2711BBF}.Release|Any CPU.ActiveCfg = Release|x86
		{122D394B-BDB9-4C09-BDB3-BE16323F5FE1}.Debug|Any CPU.ActiveCfg = Debug|x86
		{122D394B-BDB9-4C09-BDB3-BE16323F5FE1}.Debug|Any CPU.Build.0 = Debug|x86
		{122D394B-BDB9-4C09-BDB3-BE16323F5FE1}.Release|Any CPU.ActiveCfg = Release|x86
		{E7441412-0654-4255-8554-CD592E7F0329}.Debug|Any CPU.ActiveCfg = Debug|x86
		{E7441412-0654-4255-8554-CD592E7F0329}.Debug|Any CPU.Build.0 = Debug|x86
		{E7441412-0654-4255-8554-CD592E7F0329}.Release|Any CPU.ActiveCfg = Release|x86
	EndGlobalSection
	GlobalSection(SolutionProperties) = preSolution
		HideSolutionNode = FALSE
	EndGlobalSection
EndGlobal
