
Microsoft Visual Studio Solution File, Format Version 12.00
# Visual Studio 2012
Project("{2150E333-8FDC-42A3-9474-1A3956D46DE8}") = "Solution Items", "Solution Items", "{642A63CF-E18D-4025-AC5F-66D3A9FBDCA4}"
	ProjectSection(SolutionItems) = preProject
		..\..\WebSites\ExercisesInHTML\Exercises.html = ..\..\WebSites\ExercisesInHTML\Exercises.html
	EndProjectSection
EndProject
Global
	GlobalSection(SolutionProperties) = preSolution
		HideSolutionNode = FALSE
	EndGlobalSection
EndGlobal
