
Microsoft Visual Studio Solution File, Format Version 10.00
# Visual Studio 2008
Project("{FAE04EC0-301F-11D3-BF4B-00C04F79EFBC}") = "Project_01_ChooseAppropriateTypes", "Project_01_ChooseAppropriateTypes\Project_01_ChooseAppropriateTypes.csproj", "{C2E404BA-2229-4F0A-A2B7-A91EB96D846B}"
EndProject
Project("{FAE04EC0-301F-11D3-BF4B-00C04F79EFBC}") = "Project_02_FloatAndDoublePrecision", "Project_02_FloatAndDoublePrecision\Project_02_FloatAndDoublePrecision.csproj", "{92A1029A-F420-4BD6-9DC3-7C4C8DFA7FFB}"
EndProject
Project("{FAE04EC0-301F-11D3-BF4B-00C04F79EFBC}") = "Project_03_FloatingPointSinglePrecisionComparison", "Project_03_FloatingPointSinglePrecisionComparison\Project_03_FloatingPointSinglePrecisionComparison.csproj", "{6B9F4790-6456-40C1-A735-F477CB9AC058}"
EndProject
Project("{FAE04EC0-301F-11D3-BF4B-00C04F79EFBC}") = "Project_04_AssignHexadecimal", "Project_04_AssignHexadecimal\Project_04_AssignHexadecimal.csproj", "{BB0011C2-D5FF-4479-A727-3B1856EBE5A5}"
EndProject
Project("{FAE04EC0-301F-11D3-BF4B-00C04F79EFBC}") = "Project_05_AssignChar", "Project_05_AssignChar\Project_05_AssignChar.csproj", "{40E57A40-25A3-43EA-8E39-EB3A9EC6C6BF}"
EndProject
Project("{FAE04EC0-301F-11D3-BF4B-00C04F79EFBC}") = "Project_06_AssignBool", "Project_06_AssignBool\Project_06_AssignBool.csproj", "{3649CAD8-694F-4D4D-9E6F-D8BBA975899C}"
EndProject
Project("{FAE04EC0-301F-11D3-BF4B-00C04F79EFBC}") = "Project_07_AssignObject", "Project_07_AssignObject\Project_07_AssignObject.csproj", "{0CC1F31D-C263-4CC5-AAC2-1D37EE493B24}"
EndProject
Project("{FAE04EC0-301F-11D3-BF4B-00C04F79EFBC}") = "Project_08_QuoteStrings", "Project_08_QuoteStrings\Project_08_QuoteStrings.csproj", "{AE47552B-6594-492A-9270-B3C2DACAD803}"
EndProject
Project("{FAE04EC0-301F-11D3-BF4B-00C04F79EFBC}") = "Project_09_IsoscelesTriangleOfSymbols", "Project_09_IsoscelesTriangleOfSymbols\Project_09_IsoscelesTriangleOfSymbols.csproj", "{78B7B129-57EC-4104-8FC3-703210CEFD5B}"
EndProject
Project("{FAE04EC0-301F-11D3-BF4B-00C04F79EFBC}") = "Project_10_EmployeeDetails", "Project_10_EmployeeDetails\Project_10_EmployeeDetails.csproj", "{AC1BB380-D10A-4403-8755-D95AA974A591}"
EndProject
Project("{FAE04EC0-301F-11D3-BF4B-00C04F79EFBC}") = "Project_11_ExchangeIntegerValues", "Project_11_ExchangeIntegerValues\Project_11_ExchangeIntegerValues.csproj", "{797A9B8A-477B-49A0-A688-5F03EF01C28E}"
EndProject
Project("{FAE04EC0-301F-11D3-BF4B-00C04F79EFBC}") = "Project_12_DisplayASCIITable", "Project_12_DisplayASCIITable\Project_12_DisplayASCIITable.csproj", "{1552AF72-74DE-4EF4-AA10-06080986929E}"
EndProject
Project("{FAE04EC0-301F-11D3-BF4B-00C04F79EFBC}") = "Project_13_NullableVariables", "Project_13_NullableVariables\Project_13_NullableVariables.csproj", "{B76FDBB7-2AA5-4EB8-8A60-83D3AE363F55}"
EndProject
Project("{FAE04EC0-301F-11D3-BF4B-00C04F79EFBC}") = "Project_14_BankAccountDetails", "Project_14_BankAccountDetails\Project_14_BankAccountDetails.csproj", "{25BA5EC6-8004-4812-A868-25A2A1B04EE2}"
EndProject
Global
	GlobalSection(SolutionConfigurationPlatforms) = preSolution
		Debug|x86 = Debug|x86
		Release|x86 = Release|x86
	EndGlobalSection
	GlobalSection(ProjectConfigurationPlatforms) = postSolution
		{0CC1F31D-C263-4CC5-AAC2-1D37EE493B24}.Debug|x86.ActiveCfg = Debug|x86
		{0CC1F31D-C263-4CC5-AAC2-1D37EE493B24}.Debug|x86.Build.0 = Debug|x86
		{0CC1F31D-C263-4CC5-AAC2-1D37EE493B24}.Release|x86.ActiveCfg = Release|x86
		{0CC1F31D-C263-4CC5-AAC2-1D37EE493B24}.Release|x86.Build.0 = Release|x86
		{1552AF72-74DE-4EF4-AA10-06080986929E}.Debug|x86.ActiveCfg = Debug|x86
		{1552AF72-74DE-4EF4-AA10-06080986929E}.Debug|x86.Build.0 = Debug|x86
		{1552AF72-74DE-4EF4-AA10-06080986929E}.Release|x86.ActiveCfg = Release|x86
		{1552AF72-74DE-4EF4-AA10-06080986929E}.Release|x86.Build.0 = Release|x86
		{25BA5EC6-8004-4812-A868-25A2A1B04EE2}.Debug|x86.ActiveCfg = Debug|x86
		{25BA5EC6-8004-4812-A868-25A2A1B04EE2}.Debug|x86.Build.0 = Debug|x86
		{25BA5EC6-8004-4812-A868-25A2A1B04EE2}.Release|x86.ActiveCfg = Release|x86
		{25BA5EC6-8004-4812-A868-25A2A1B04EE2}.Release|x86.Build.0 = Release|x86
		{3649CAD8-694F-4D4D-9E6F-D8BBA975899C}.Debug|x86.ActiveCfg = Debug|x86
		{3649CAD8-694F-4D4D-9E6F-D8BBA975899C}.Debug|x86.Build.0 = Debug|x86
		{3649CAD8-694F-4D4D-9E6F-D8BBA975899C}.Release|x86.ActiveCfg = Release|x86
		{3649CAD8-694F-4D4D-9E6F-D8BBA975899C}.Release|x86.Build.0 = Release|x86
		{40E57A40-25A3-43EA-8E39-EB3A9EC6C6BF}.Debug|x86.ActiveCfg = Debug|x86
		{40E57A40-25A3-43EA-8E39-EB3A9EC6C6BF}.Debug|x86.Build.0 = Debug|x86
		{40E57A40-25A3-43EA-8E39-EB3A9EC6C6BF}.Release|x86.ActiveCfg = Release|x86
		{40E57A40-25A3-43EA-8E39-EB3A9EC6C6BF}.Release|x86.Build.0 = Release|x86
		{6B9F4790-6456-40C1-A735-F477CB9AC058}.Debug|x86.ActiveCfg = Debug|x86
		{6B9F4790-6456-40C1-A735-F477CB9AC058}.Debug|x86.Build.0 = Debug|x86
		{6B9F4790-6456-40C1-A735-F477CB9AC058}.Release|x86.ActiveCfg = Release|x86
		{6B9F4790-6456-40C1-A735-F477CB9AC058}.Release|x86.Build.0 = Release|x86
		{78B7B129-57EC-4104-8FC3-703210CEFD5B}.Debug|x86.ActiveCfg = Debug|x86
		{78B7B129-57EC-4104-8FC3-703210CEFD5B}.Debug|x86.Build.0 = Debug|x86
		{78B7B129-57EC-4104-8FC3-703210CEFD5B}.Release|x86.ActiveCfg = Release|x86
		{78B7B129-57EC-4104-8FC3-703210CEFD5B}.Release|x86.Build.0 = Release|x86
		{797A9B8A-477B-49A0-A688-5F03EF01C28E}.Debug|x86.ActiveCfg = Debug|x86
		{797A9B8A-477B-49A0-A688-5F03EF01C28E}.Debug|x86.Build.0 = Debug|x86
		{797A9B8A-477B-49A0-A688-5F03EF01C28E}.Release|x86.ActiveCfg = Release|x86
		{797A9B8A-477B-49A0-A688-5F03EF01C28E}.Release|x86.Build.0 = Release|x86
		{92A1029A-F420-4BD6-9DC3-7C4C8DFA7FFB}.Debug|x86.ActiveCfg = Debug|x86
		{92A1029A-F420-4BD6-9DC3-7C4C8DFA7FFB}.Debug|x86.Build.0 = Debug|x86
		{92A1029A-F420-4BD6-9DC3-7C4C8DFA7FFB}.Release|x86.ActiveCfg = Release|x86
		{92A1029A-F420-4BD6-9DC3-7C4C8DFA7FFB}.Release|x86.Build.0 = Release|x86
		{AC1BB380-D10A-4403-8755-D95AA974A591}.Debug|x86.ActiveCfg = Debug|x86
		{AC1BB380-D10A-4403-8755-D95AA974A591}.Debug|x86.Build.0 = Debug|x86
		{AC1BB380-D10A-4403-8755-D95AA974A591}.Release|x86.ActiveCfg = Release|x86
		{AC1BB380-D10A-4403-8755-D95AA974A591}.Release|x86.Build.0 = Release|x86
		{AE47552B-6594-492A-9270-B3C2DACAD803}.Debug|x86.ActiveCfg = Debug|x86
		{AE47552B-6594-492A-9270-B3C2DACAD803}.Debug|x86.Build.0 = Debug|x86
		{AE47552B-6594-492A-9270-B3C2DACAD803}.Release|x86.ActiveCfg = Release|x86
		{AE47552B-6594-492A-9270-B3C2DACAD803}.Release|x86.Build.0 = Release|x86
		{B76FDBB7-2AA5-4EB8-8A60-83D3AE363F55}.Debug|x86.ActiveCfg = Debug|x86
		{B76FDBB7-2AA5-4EB8-8A60-83D3AE363F55}.Debug|x86.Build.0 = Debug|x86
		{B76FDBB7-2AA5-4EB8-8A60-83D3AE363F55}.Release|x86.ActiveCfg = Release|x86
		{B76FDBB7-2AA5-4EB8-8A60-83D3AE363F55}.Release|x86.Build.0 = Release|x86
		{BB0011C2-D5FF-4479-A727-3B1856EBE5A5}.Debug|x86.ActiveCfg = Debug|x86
		{BB0011C2-D5FF-4479-A727-3B1856EBE5A5}.Debug|x86.Build.0 = Debug|x86
		{BB0011C2-D5FF-4479-A727-3B1856EBE5A5}.Release|x86.ActiveCfg = Release|x86
		{BB0011C2-D5FF-4479-A727-3B1856EBE5A5}.Release|x86.Build.0 = Release|x86
		{C2E404BA-2229-4F0A-A2B7-A91EB96D846B}.Debug|x86.ActiveCfg = Debug|x86
		{C2E404BA-2229-4F0A-A2B7-A91EB96D846B}.Debug|x86.Build.0 = Debug|x86
		{C2E404BA-2229-4F0A-A2B7-A91EB96D846B}.Release|x86.ActiveCfg = Release|x86
		{C2E404BA-2229-4F0A-A2B7-A91EB96D846B}.Release|x86.Build.0 = Release|x86
	EndGlobalSection
	GlobalSection(MonoDevelopProperties) = preSolution
		StartupItem = Project_03_FloatingPointSinglePrecisionComparison\Project_03_FloatingPointSinglePrecisionComparison.csproj
	EndGlobalSection
EndGlobal
