
Microsoft Visual Studio Solution File, Format Version 12.00
# Visual Studio 2012
Project("{FAE04EC0-301F-11D3-BF4B-00C04F79EFBC}") = "Proj_01_MatrixPatterns", "Proj_01_MatrixPatterns\Proj_01_MatrixPatterns.csproj", "{756838D1-621F-4271-85D2-CEE1B0E380AF}"
EndProject
Project("{FAE04EC0-301F-11D3-BF4B-00C04F79EFBC}") = "IOArrays", "IOArrays\IOArrays.csproj", "{30337DF4-10CA-47DD-A6C9-CAEED2CF6579}"
EndProject
Project("{FAE04EC0-301F-11D3-BF4B-00C04F79EFBC}") = "Proj_02_MaxSum3x3", "Proj_02_MaxSum3x3\Proj_02_MaxSum3x3.csproj", "{2A1A19C8-4081-4D43-BC30-758D11CD9F37}"
EndProject
Global
	GlobalSection(SolutionConfigurationPlatforms) = preSolution
		Debug|Any CPU = Debug|Any CPU
		Release|Any CPU = Release|Any CPU
	EndGlobalSection
	GlobalSection(ProjectConfigurationPlatforms) = postSolution
		{756838D1-621F-4271-85D2-CEE1B0E380AF}.Debug|Any CPU.ActiveCfg = Debug|Any CPU
		{756838D1-621F-4271-85D2-CEE1B0E380AF}.Debug|Any CPU.Build.0 = Debug|Any CPU
		{756838D1-621F-4271-85D2-CEE1B0E380AF}.Release|Any CPU.ActiveCfg = Release|Any CPU
		{756838D1-621F-4271-85D2-CEE1B0E380AF}.Release|Any CPU.Build.0 = Release|Any CPU
		{30337DF4-10CA-47DD-A6C9-CAEED2CF6579}.Debug|Any CPU.ActiveCfg = Debug|Any CPU
		{30337DF4-10CA-47DD-A6C9-CAEED2CF6579}.Debug|Any CPU.Build.0 = Debug|Any CPU
		{30337DF4-10CA-47DD-A6C9-CAEED2CF6579}.Release|Any CPU.ActiveCfg = Release|Any CPU
		{30337DF4-10CA-47DD-A6C9-CAEED2CF6579}.Release|Any CPU.Build.0 = Release|Any CPU
		{2A1A19C8-4081-4D43-BC30-758D11CD9F37}.Debug|Any CPU.ActiveCfg = Debug|Any CPU
		{2A1A19C8-4081-4D43-BC30-758D11CD9F37}.Debug|Any CPU.Build.0 = Debug|Any CPU
		{2A1A19C8-4081-4D43-BC30-758D11CD9F37}.Release|Any CPU.ActiveCfg = Release|Any CPU
		{2A1A19C8-4081-4D43-BC30-758D11CD9F37}.Release|Any CPU.Build.0 = Release|Any CPU
	EndGlobalSection
	GlobalSection(SolutionProperties) = preSolution
		HideSolutionNode = FALSE
	EndGlobalSection
EndGlobal
